
Microsoft Visual Studio Solution File, Format Version 12.00
# Visual Studio Version 16
VisualStudioVersion = 16.0.30204.135
MinimumVisualStudioVersion = 10.0.40219.1
Project("{FAE04EC0-301F-11D3-BF4B-00C04F79EFBC}") = "Lab06-OOP-Principles-1", "Lab06-OOP-Principles-1\Lab06-OOP-Principles-1.csproj", "{84765392-FD98-47C6-8FE4-6BEE567EB505}"
EndProject
Project("{FAE04EC0-301F-11D3-BF4B-00C04F79EFBC}") = "Lab06Tests", "Lab06Tests\Lab06Tests.csproj", "{3C869E6B-A37C-47E8-9C51-5D1B7452A558}"
EndProject
Global
	GlobalSection(SolutionConfigurationPlatforms) = preSolution
		Debug|Any CPU = Debug|Any CPU
		Release|Any CPU = Release|Any CPU
	EndGlobalSection
	GlobalSection(ProjectConfigurationPlatforms) = postSolution
		{84765392-FD98-47C6-8FE4-6BEE567EB505}.Debug|Any CPU.ActiveCfg = Debug|Any CPU
		{84765392-FD98-47C6-8FE4-6BEE567EB505}.Debug|Any CPU.Build.0 = Debug|Any CPU
		{84765392-FD98-47C6-8FE4-6BEE567EB505}.Release|Any CPU.ActiveCfg = Release|Any CPU
		{84765392-FD98-47C6-8FE4-6BEE567EB505}.Release|Any CPU.Build.0 = Release|Any CPU
		{3C869E6B-A37C-47E8-9C51-5D1B7452A558}.Debug|Any CPU.ActiveCfg = Debug|Any CPU
		{3C869E6B-A37C-47E8-9C51-5D1B7452A558}.Debug|Any CPU.Build.0 = Debug|Any CPU
		{3C869E6B-A37C-47E8-9C51-5D1B7452A558}.Release|Any CPU.ActiveCfg = Release|Any CPU
		{3C869E6B-A37C-47E8-9C51-5D1B7452A558}.Release|Any CPU.Build.0 = Release|Any CPU
	EndGlobalSection
	GlobalSection(SolutionProperties) = preSolution
		HideSolutionNode = FALSE
	EndGlobalSection
	GlobalSection(ExtensibilityGlobals) = postSolution
		SolutionGuid = {56A82917-2D4C-4B40-AD35-6946D2B5DB58}
	EndGlobalSection
EndGlobal
